// !$*UTF8*$!
{
	archiveVersion = 1;
	classes = {
	};
	objectVersion = 56;
	objects = {

/* Begin PBXBuildFile section */
		9BEF96472AD45A0300B40FFE /* ridescanApp.swift in Sources */ = {isa = PBXBuildFile; fileRef = 9BEF96462AD45A0300B40FFE /* ridescanApp.swift */; };
		9BEF96492AD45A0300B40FFE /* ContentView.swift in Sources */ = {isa = PBXBuildFile; fileRef = 9BEF96482AD45A0300B40FFE /* ContentView.swift */; };
		9BEF964B2AD45A0600B40FFE /* Assets.xcassets in Resources */ = {isa = PBXBuildFile; fileRef = 9BEF964A2AD45A0600B40FFE /* Assets.xcassets */; };
		9BEF964E2AD45A0600B40FFE /* Preview Assets.xcassets in Resources */ = {isa = PBXBuildFile; fileRef = 9BEF964D2AD45A0600B40FFE /* Preview Assets.xcassets */; };
		9BEF96582AD45A0600B40FFE /* ridescanTests.swift in Sources */ = {isa = PBXBuildFile; fileRef = 9BEF96572AD45A0600B40FFE /* ridescanTests.swift */; };
		9BEF96622AD45A0600B40FFE /* ridescanUITests.swift in Sources */ = {isa = PBXBuildFile; fileRef = 9BEF96612AD45A0600B40FFE /* ridescanUITests.swift */; };
		9BEF96642AD45A0600B40FFE /* ridescanUITestsLaunchTests.swift in Sources */ = {isa = PBXBuildFile; fileRef = 9BEF96632AD45A0600B40FFE /* ridescanUITestsLaunchTests.swift */; };
/* End PBXBuildFile section */

/* Begin PBXContainerItemProxy section */
		9BEF96542AD45A0600B40FFE /* PBXContainerItemProxy */ = {
			isa = PBXContainerItemProxy;
			containerPortal = 9BEF963B2AD45A0300B40FFE /* Project object */;
			proxyType = 1;
			remoteGlobalIDString = 9BEF96422AD45A0300B40FFE;
			remoteInfo = ridescan;
		};
		9BEF965E2AD45A0600B40FFE /* PBXContainerItemProxy */ = {
			isa = PBXContainerItemProxy;
			containerPortal = 9BEF963B2AD45A0300B40FFE /* Project object */;
			proxyType = 1;
			remoteGlobalIDString = 9BEF96422AD45A0300B40FFE;
			remoteInfo = ridescan;
		};
/* End PBXContainerItemProxy section */

/* Begin PBXFileReference section */
		9BEF96432AD45A0300B40FFE /* ridescan.app */ = {isa = PBXFileReference; explicitFileType = wrapper.application; includeInIndex = 0; path = ridescan.app; sourceTree = BUILT_PRODUCTS_DIR; };
		9BEF96462AD45A0300B40FFE /* ridescanApp.swift */ = {isa = PBXFileReference; lastKnownFileType = sourcecode.swift; path = ridescanApp.swift; sourceTree = "<group>"; };
		9BEF96482AD45A0300B40FFE /* ContentView.swift */ = {isa = PBXFileReference; lastKnownFileType = sourcecode.swift; path = ContentView.swift; sourceTree = "<group>"; };
		9BEF964A2AD45A0600B40FFE /* Assets.xcassets */ = {isa = PBXFileReference; lastKnownFileType = folder.assetcatalog; path = Assets.xcassets; sourceTree = "<group>"; };
		9BEF964D2AD45A0600B40FFE /* Preview Assets.xcassets */ = {isa = PBXFileReference; lastKnownFileType = folder.assetcatalog; path = "Preview Assets.xcassets"; sourceTree = "<group>"; };
		9BEF96532AD45A0600B40FFE /* ridescanTests.xctest */ = {isa = PBXFileReference; explicitFileType = wrapper.cfbundle; includeInIndex = 0; path = ridescanTests.xctest; sourceTree = BUILT_PRODUCTS_DIR; };
		9BEF96572AD45A0600B40FFE /* ridescanTests.swift */ = {isa = PBXFileReference; lastKnownFileType = sourcecode.swift; path = ridescanTests.swift; sourceTree = "<group>"; };
		9BEF965D2AD45A0600B40FFE /* ridescanUITests.xctest */ = {isa = PBXFileReference; explicitFileType = wrapper.cfbundle; includeInIndex = 0; path = ridescanUITests.xctest; sourceTree = BUILT_PRODUCTS_DIR; };
		9BEF96612AD45A0600B40FFE /* ridescanUITests.swift */ = {isa = PBXFileReference; lastKnownFileType = sourcecode.swift; path = ridescanUITests.swift; sourceTree = "<group>"; };
		9BEF96632AD45A0600B40FFE /* ridescanUITestsLaunchTests.swift */ = {isa = PBXFileReference; lastKnownFileType = sourcecode.swift; path = ridescanUITestsLaunchTests.swift; sourceTree = "<group>"; };
/* End PBXFileReference section */

/* Begin PBXFrameworksBuildPhase section */
		9BEF96402AD45A0300B40FFE /* Frameworks */ = {
			isa = PBXFrameworksBuildPhase;
			buildActionMask = 2147483647;
			files = (
			);
			runOnlyForDeploymentPostprocessing = 0;
		};
		9BEF96502AD45A0600B40FFE /* Frameworks */ = {
			isa = PBXFrameworksBuildPhase;
			buildActionMask = 2147483647;
			files = (
			);
			runOnlyForDeploymentPostprocessing = 0;
		};
		9BEF965A2AD45A0600B40FFE /* Frameworks */ = {
			isa = PBXFrameworksBuildPhase;
			buildActionMask = 2147483647;
			files = (
			);
			runOnlyForDeploymentPostprocessing = 0;
		};
/* End PBXFrameworksBuildPhase section */

/* Begin PBXGroup section */
		9BEF963A2AD45A0300B40FFE = {
			isa = PBXGroup;
			children = (
				9BEF96452AD45A0300B40FFE /* ridescan */,
				9BEF96562AD45A0600B40FFE /* ridescanTests */,
				9BEF96602AD45A0600B40FFE /* ridescanUITests */,
				9BEF96442AD45A0300B40FFE /* Products */,
			);
			sourceTree = "<group>";
		};
		9BEF96442AD45A0300B40FFE /* Products */ = {
			isa = PBXGroup;
			children = (
				9BEF96432AD45A0300B40FFE /* ridescan.app */,
				9BEF96532AD45A0600B40FFE /* ridescanTests.xctest */,
				9BEF965D2AD45A0600B40FFE /* ridescanUITests.xctest */,
			);
			name = Products;
			sourceTree = "<group>";
		};
		9BEF96452AD45A0300B40FFE /* ridescan */ = {
			isa = PBXGroup;
			children = (
				9BEF96462AD45A0300B40FFE /* ridescanApp.swift */,
				9BEF96482AD45A0300B40FFE /* ContentView.swift */,
				9BEF964A2AD45A0600B40FFE /* Assets.xcassets */,
				9BEF964C2AD45A0600B40FFE /* Preview Content */,
			);
			path = ridescan;
			sourceTree = "<group>";
		};
		9BEF964C2AD45A0600B40FFE /* Preview Content */ = {
			isa = PBXGroup;
			children = (
				9BEF964D2AD45A0600B40FFE /* Preview Assets.xcassets */,
			);
			path = "Preview Content";
			sourceTree = "<group>";
		};
		9BEF96562AD45A0600B40FFE /* ridescanTests */ = {
			isa = PBXGroup;
			children = (
				9BEF96572AD45A0600B40FFE /* ridescanTests.swift */,
			);
			path = ridescanTests;
			sourceTree = "<group>";
		};
		9BEF96602AD45A0600B40FFE /* ridescanUITests */ = {
			isa = PBXGroup;
			children = (
				9BEF96612AD45A0600B40FFE /* ridescanUITests.swift */,
				9BEF96632AD45A0600B40FFE /* ridescanUITestsLaunchTests.swift */,
			);
			path = ridescanUITests;
			sourceTree = "<group>";
		};
/* End PBXGroup section */

/* Begin PBXNativeTarget section */
		9BEF96422AD45A0300B40FFE /* ridescan */ = {
			isa = PBXNativeTarget;
			buildConfigurationList = 9BEF96672AD45A0600B40FFE /* Build configuration list for PBXNativeTarget "ridescan" */;
			buildPhases = (
				9BEF963F2AD45A0300B40FFE /* Sources */,
				9BEF96402AD45A0300B40FFE /* Frameworks */,
				9BEF96412AD45A0300B40FFE /* Resources */,
			);
			buildRules = (
			);
			dependencies = (
			);
			name = ridescan;
			productName = ridescan;
			productReference = 9BEF96432AD45A0300B40FFE /* ridescan.app */;
			productType = "com.apple.product-type.application";
		};
		9BEF96522AD45A0600B40FFE /* ridescanTests */ = {
			isa = PBXNativeTarget;
			buildConfigurationList = 9BEF966A2AD45A0600B40FFE /* Build configuration list for PBXNativeTarget "ridescanTests" */;
			buildPhases = (
				9BEF964F2AD45A0600B40FFE /* Sources */,
				9BEF96502AD45A0600B40FFE /* Frameworks */,
				9BEF96512AD45A0600B40FFE /* Resources */,
			);
			buildRules = (
			);
			dependencies = (
				9BEF96552AD45A0600B40FFE /* PBXTargetDependency */,
			);
			name = ridescanTests;
			productName = ridescanTests;
			productReference = 9BEF96532AD45A0600B40FFE /* ridescanTests.xctest */;
			productType = "com.apple.product-type.bundle.unit-test";
		};
		9BEF965C2AD45A0600B40FFE /* ridescanUITests */ = {
			isa = PBXNativeTarget;
			buildConfigurationList = 9BEF966D2AD45A0600B40FFE /* Build configuration list for PBXNativeTarget "ridescanUITests" */;
			buildPhases = (
				9BEF96592AD45A0600B40FFE /* Sources */,
				9BEF965A2AD45A0600B40FFE /* Frameworks */,
				9BEF965B2AD45A0600B40FFE /* Resources */,
			);
			buildRules = (
			);
			dependencies = (
				9BEF965F2AD45A0600B40FFE /* PBXTargetDependency */,
			);
			name = ridescanUITests;
			productName = ridescanUITests;
			productReference = 9BEF965D2AD45A0600B40FFE /* ridescanUITests.xctest */;
			productType = "com.apple.product-type.bundle.ui-testing";
		};
/* End PBXNativeTarget section */

/* Begin PBXProject section */
		9BEF963B2AD45A0300B40FFE /* Project object */ = {
			isa = PBXProject;
			attributes = {
				BuildIndependentTargetsInParallel = 1;
				LastSwiftUpdateCheck = 1500;
				LastUpgradeCheck = 1500;
				TargetAttributes = {
					9BEF96422AD45A0300B40FFE = {
						CreatedOnToolsVersion = 15.0;
					};
					9BEF96522AD45A0600B40FFE = {
						CreatedOnToolsVersion = 15.0;
						TestTargetID = 9BEF96422AD45A0300B40FFE;
					};
					9BEF965C2AD45A0600B40FFE = {
						CreatedOnToolsVersion = 15.0;
						TestTargetID = 9BEF96422AD45A0300B40FFE;
					};
				};
			};
			buildConfigurationList = 9BEF963E2AD45A0300B40FFE /* Build configuration list for PBXProject "ridescan" */;
			compatibilityVersion = "Xcode 14.0";
			developmentRegion = en;
			hasScannedForEncodings = 0;
			knownRegions = (
				en,
				Base,
			);
			mainGroup = 9BEF963A2AD45A0300B40FFE;
			productRefGroup = 9BEF96442AD45A0300B40FFE /* Products */;
			projectDirPath = "";
			projectRoot = "";
			targets = (
				9BEF96422AD45A0300B40FFE /* ridescan */,
				9BEF96522AD45A0600B40FFE /* ridescanTests */,
				9BEF965C2AD45A0600B40FFE /* ridescanUITests */,
			);
		};
/* End PBXProject section */

/* Begin PBXResourcesBuildPhase section */
		9BEF96412AD45A0300B40FFE /* Resources */ = {
			isa = PBXResourcesBuildPhase;
			buildActionMask = 2147483647;
			files = (
				9BEF964E2AD45A0600B40FFE /* Preview Assets.xcassets in Resources */,
				9BEF964B2AD45A0600B40FFE /* Assets.xcassets in Resources */,
			);
			runOnlyForDeploymentPostprocessing = 0;
		};
		9BEF96512AD45A0600B40FFE /* Resources */ = {
			isa = PBXResourcesBuildPhase;
			buildActionMask = 2147483647;
			files = (
			);
			runOnlyForDeploymentPostprocessing = 0;
		};
		9BEF965B2AD45A0600B40FFE /* Resources */ = {
			isa = PBXResourcesBuildPhase;
			buildActionMask = 2147483647;
			files = (
			);
			runOnlyForDeploymentPostprocessing = 0;
		};
/* End PBXResourcesBuildPhase section */

/* Begin PBXSourcesBuildPhase section */
		9BEF963F2AD45A0300B40FFE /* Sources */ = {
			isa = PBXSourcesBuildPhase;
			buildActionMask = 2147483647;
			files = (
				9BEF96492AD45A0300B40FFE /* ContentView.swift in Sources */,
				9BEF96472AD45A0300B40FFE /* ridescanApp.swift in Sources */,
			);
			runOnlyForDeploymentPostprocessing = 0;
		};
		9BEF964F2AD45A0600B40FFE /* Sources */ = {
			isa = PBXSourcesBuildPhase;
			buildActionMask = 2147483647;
			files = (
				9BEF96582AD45A0600B40FFE /* ridescanTests.swift in Sources */,
			);
			runOnlyForDeploymentPostprocessing = 0;
		};
		9BEF96592AD45A0600B40FFE /* Sources */ = {
			isa = PBXSourcesBuildPhase;
			buildActionMask = 2147483647;
			files = (
				9BEF96642AD45A0600B40FFE /* ridescanUITestsLaunchTests.swift in Sources */,
				9BEF96622AD45A0600B40FFE /* ridescanUITests.swift in Sources */,
			);
			runOnlyForDeploymentPostprocessing = 0;
		};
/* End PBXSourcesBuildPhase section */

/* Begin PBXTargetDependency section */
		9BEF96552AD45A0600B40FFE /* PBXTargetDependency */ = {
			isa = PBXTargetDependency;
			target = 9BEF96422AD45A0300B40FFE /* ridescan */;
			targetProxy = 9BEF96542AD45A0600B40FFE /* PBXContainerItemProxy */;
		};
		9BEF965F2AD45A0600B40FFE /* PBXTargetDependency */ = {
			isa = PBXTargetDependency;
			target = 9BEF96422AD45A0300B40FFE /* ridescan */;
			targetProxy = 9BEF965E2AD45A0600B40FFE /* PBXContainerItemProxy */;
		};
/* End PBXTargetDependency section */

/* Begin XCBuildConfiguration section */
		9BEF96652AD45A0600B40FFE /* Debug */ = {
			isa = XCBuildConfiguration;
			buildSettings = {
				ALWAYS_SEARCH_USER_PATHS = NO;
				ASSETCATALOG_COMPILER_GENERATE_SWIFT_ASSET_SYMBOL_EXTENSIONS = YES;
				CLANG_ANALYZER_NONNULL = YES;
				CLANG_ANALYZER_NUMBER_OBJECT_CONVERSION = YES_AGGRESSIVE;
				CLANG_CXX_LANGUAGE_STANDARD = "gnu++20";
				CLANG_ENABLE_MODULES = YES;
				CLANG_ENABLE_OBJC_ARC = YES;
				CLANG_ENABLE_OBJC_WEAK = YES;
				CLANG_WARN_BLOCK_CAPTURE_AUTORELEASING = YES;
				CLANG_WARN_BOOL_CONVERSION = YES;
				CLANG_WARN_COMMA = YES;
				CLANG_WARN_CONSTANT_CONVERSION = YES;
				CLANG_WARN_DEPRECATED_OBJC_IMPLEMENTATIONS = YES;
				CLANG_WARN_DIRECT_OBJC_ISA_USAGE = YES_ERROR;
				CLANG_WARN_DOCUMENTATION_COMMENTS = YES;
				CLANG_WARN_EMPTY_BODY = YES;
				CLANG_WARN_ENUM_CONVERSION = YES;
				CLANG_WARN_INFINITE_RECURSION = YES;
				CLANG_WARN_INT_CONVERSION = YES;
				CLANG_WARN_NON_LITERAL_NULL_CONVERSION = YES;
				CLANG_WARN_OBJC_IMPLICIT_RETAIN_SELF = YES;
				CLANG_WARN_OBJC_LITERAL_CONVERSION = YES;
				CLANG_WARN_OBJC_ROOT_CLASS = YES_ERROR;
				CLANG_WARN_QUOTED_INCLUDE_IN_FRAMEWORK_HEADER = YES;
				CLANG_WARN_RANGE_LOOP_ANALYSIS = YES;
				CLANG_WARN_STRICT_PROTOTYPES = YES;
				CLANG_WARN_SUSPICIOUS_MOVE = YES;
				CLANG_WARN_UNGUARDED_AVAILABILITY = YES_AGGRESSIVE;
				CLANG_WARN_UNREACHABLE_CODE = YES;
				CLANG_WARN__DUPLICATE_METHOD_MATCH = YES;
				COPY_PHASE_STRIP = NO;
				DEBUG_INFORMATION_FORMAT = dwarf;
				ENABLE_STRICT_OBJC_MSGSEND = YES;
				ENABLE_TESTABILITY = YES;
				ENABLE_USER_SCRIPT_SANDBOXING = YES;
				GCC_C_LANGUAGE_STANDARD = gnu17;
				GCC_DYNAMIC_NO_PIC = NO;
				GCC_NO_COMMON_BLOCKS = YES;
				GCC_OPTIMIZATION_LEVEL = 0;
				GCC_PREPROCESSOR_DEFINITIONS = (
					"DEBUG=1",
					"$(inherited)",
				);
				GCC_WARN_64_TO_32_BIT_CONVERSION = YES;
				GCC_WARN_ABOUT_RETURN_TYPE = YES_ERROR;
				GCC_WARN_UNDECLARED_SELECTOR = YES;
				GCC_WARN_UNINITIALIZED_AUTOS = YES_AGGRESSIVE;
				GCC_WARN_UNUSED_FUNCTION = YES;
				GCC_WARN_UNUSED_VARIABLE = YES;
				IPHONEOS_DEPLOYMENT_TARGET = 17.0;
				LOCALIZATION_PREFERS_STRING_CATALOGS = YES;
				MTL_ENABLE_DEBUG_INFO = INCLUDE_SOURCE;
				MTL_FAST_MATH = YES;
				ONLY_ACTIVE_ARCH = YES;
				SDKROOT = iphoneos;
				SWIFT_ACTIVE_COMPILATION_CONDITIONS = "DEBUG $(inherited)";
				SWIFT_OPTIMIZATION_LEVEL = "-Onone";
			};
			name = Debug;
		};
		9BEF96662AD45A0600B40FFE /* Release */ = {
			isa = XCBuildConfiguration;
			buildSettings = {
				ALWAYS_SEARCH_USER_PATHS = NO;
				ASSETCATALOG_COMPILER_GENERATE_SWIFT_ASSET_SYMBOL_EXTENSIONS = YES;
				CLANG_ANALYZER_NONNULL = YES;
				CLANG_ANALYZER_NUMBER_OBJECT_CONVERSION = YES_AGGRESSIVE;
				CLANG_CXX_LANGUAGE_STANDARD = "gnu++20";
				CLANG_ENABLE_MODULES = YES;
				CLANG_ENABLE_OBJC_ARC = YES;
				CLANG_ENABLE_OBJC_WEAK = YES;
				CLANG_WARN_BLOCK_CAPTURE_AUTORELEASING = YES;
				CLANG_WARN_BOOL_CONVERSION = YES;
				CLANG_WARN_COMMA = YES;
				CLANG_WARN_CONSTANT_CONVERSION = YES;
				CLANG_WARN_DEPRECATED_OBJC_IMPLEMENTATIONS = YES;
				CLANG_WARN_DIRECT_OBJC_ISA_USAGE = YES_ERROR;
				CLANG_WARN_DOCUMENTATION_COMMENTS = YES;
				CLANG_WARN_EMPTY_BODY = YES;
				CLANG_WARN_ENUM_CONVERSION = YES;
				CLANG_WARN_INFINITE_RECURSION = YES;
				CLANG_WARN_INT_CONVERSION = YES;
				CLANG_WARN_NON_LITERAL_NULL_CONVERSION = YES;
				CLANG_WARN_OBJC_IMPLICIT_RETAIN_SELF = YES;
				CLANG_WARN_OBJC_LITERAL_CONVERSION = YES;
				CLANG_WARN_OBJC_ROOT_CLASS = YES_ERROR;
				CLANG_WARN_QUOTED_INCLUDE_IN_FRAMEWORK_HEADER = YES;
				CLANG_WARN_RANGE_LOOP_ANALYSIS = YES;
				CLANG_WARN_STRICT_PROTOTYPES = YES;
				CLANG_WARN_SUSPICIOUS_MOVE = YES;
				CLANG_WARN_UNGUARDED_AVAILABILITY = YES_AGGRESSIVE;
				CLANG_WARN_UNREACHABLE_CODE = YES;
				CLANG_WARN__DUPLICATE_METHOD_MATCH = YES;
				COPY_PHASE_STRIP = NO;
				DEBUG_INFORMATION_FORMAT = "dwarf-with-dsym";
				ENABLE_NS_ASSERTIONS = NO;
				ENABLE_STRICT_OBJC_MSGSEND = YES;
				ENABLE_USER_SCRIPT_SANDBOXING = YES;
				GCC_C_LANGUAGE_STANDARD = gnu17;
				GCC_NO_COMMON_BLOCKS = YES;
				GCC_WARN_64_TO_32_BIT_CONVERSION = YES;
				GCC_WARN_ABOUT_RETURN_TYPE = YES_ERROR;
				GCC_WARN_UNDECLARED_SELECTOR = YES;
				GCC_WARN_UNINITIALIZED_AUTOS = YES_AGGRESSIVE;
				GCC_WARN_UNUSED_FUNCTION = YES;
				GCC_WARN_UNUSED_VARIABLE = YES;
				IPHONEOS_DEPLOYMENT_TARGET = 17.0;
				LOCALIZATION_PREFERS_STRING_CATALOGS = YES;
				MTL_ENABLE_DEBUG_INFO = NO;
				MTL_FAST_MATH = YES;
				SDKROOT = iphoneos;
				SWIFT_COMPILATION_MODE = wholemodule;
				VALIDATE_PRODUCT = YES;
			};
			name = Release;
		};
		9BEF96682AD45A0600B40FFE /* Debug */ = {
			isa = XCBuildConfiguration;
			buildSettings = {
				ASSETCATALOG_COMPILER_APPICON_NAME = AppIcon;
				ASSETCATALOG_COMPILER_GLOBAL_ACCENT_COLOR_NAME = AccentColor;
				CODE_SIGN_STYLE = Automatic;
				CURRENT_PROJECT_VERSION = 1;
				DEVELOPMENT_ASSET_PATHS = "\"ridescan/Preview Content\"";
				DEVELOPMENT_TEAM = 6JVG5S75R8;
				ENABLE_PREVIEWS = YES;
				GENERATE_INFOPLIST_FILE = YES;
				INFOPLIST_KEY_UIApplicationSceneManifest_Generation = YES;
				INFOPLIST_KEY_UIApplicationSupportsIndirectInputEvents = YES;
				INFOPLIST_KEY_UILaunchScreen_Generation = YES;
				INFOPLIST_KEY_UISupportedInterfaceOrientations_iPad = "UIInterfaceOrientationPortrait UIInterfaceOrientationPortraitUpsideDown UIInterfaceOrientationLandscapeLeft UIInterfaceOrientationLandscapeRight";
				INFOPLIST_KEY_UISupportedInterfaceOrientations_iPhone = "UIInterfaceOrientationPortrait UIInterfaceOrientationLandscapeLeft UIInterfaceOrientationLandscapeRight";
				LD_RUNPATH_SEARCH_PATHS = (
					"$(inherited)",
					"@executable_path/Frameworks",
				);
				MARKETING_VERSION = 1.0;
				PRODUCT_BUNDLE_IDENTIFIER = gagebroberg.ridescan;
				PRODUCT_NAME = "$(TARGET_NAME)";
				SWIFT_EMIT_LOC_STRINGS = YES;
				SWIFT_VERSION = 5.0;
				TARGETED_DEVICE_FAMILY = "1,2";
			};
			name = Debug;
		};
		9BEF96692AD45A0600B40FFE /* Release */ = {
			isa = XCBuildConfiguration;
			buildSettings = {
				ASSETCATALOG_COMPILER_APPICON_NAME = AppIcon;
				ASSETCATALOG_COMPILER_GLOBAL_ACCENT_COLOR_NAME = AccentColor;
				CODE_SIGN_STYLE = Automatic;
				CURRENT_PROJECT_VERSION = 1;
				DEVELOPMENT_ASSET_PATHS = "\"ridescan/Preview Content\"";
				DEVELOPMENT_TEAM = 6JVG5S75R8;
				ENABLE_PREVIEWS = YES;
				GENERATE_INFOPLIST_FILE = YES;
				INFOPLIST_KEY_UIApplicationSceneManifest_Generation = YES;
				INFOPLIST_KEY_UIApplicationSupportsIndirectInputEvents = YES;
				INFOPLIST_KEY_UILaunchScreen_Generation = YES;
				INFOPLIST_KEY_UISupportedInterfaceOrientations_iPad = "UIInterfaceOrientationPortrait UIInterfaceOrientationPortraitUpsideDown UIInterfaceOrientationLandscapeLeft UIInterfaceOrientationLandscapeRight";
				INFOPLIST_KEY_UISupportedInterfaceOrientations_iPhone = "UIInterfaceOrientationPortrait UIInterfaceOrientationLandscapeLeft UIInterfaceOrientationLandscapeRight";
				LD_RUNPATH_SEARCH_PATHS = (
					"$(inherited)",
					"@executable_path/Frameworks",
				);
				MARKETING_VERSION = 1.0;
				PRODUCT_BUNDLE_IDENTIFIER = gagebroberg.ridescan;
				PRODUCT_NAME = "$(TARGET_NAME)";
				SWIFT_EMIT_LOC_STRINGS = YES;
				SWIFT_VERSION = 5.0;
				TARGETED_DEVICE_FAMILY = "1,2";
			};
			name = Release;
		};
		9BEF966B2AD45A0600B40FFE /* Debug */ = {
			isa = XCBuildConfiguration;
			buildSettings = {
				ALWAYS_EMBED_SWIFT_STANDARD_LIBRARIES = YES;
				BUNDLE_LOADER = "$(TEST_HOST)";
				CODE_SIGN_STYLE = Automatic;
				CURRENT_PROJECT_VERSION = 1;
				DEVELOPMENT_TEAM = 6JVG5S75R8;
				GENERATE_INFOPLIST_FILE = YES;
				IPHONEOS_DEPLOYMENT_TARGET = 17.0;
				MARKETING_VERSION = 1.0;
				PRODUCT_BUNDLE_IDENTIFIER = gagebroberg.ridescanTests;
				PRODUCT_NAME = "$(TARGET_NAME)";
				SWIFT_EMIT_LOC_STRINGS = NO;
				SWIFT_VERSION = 5.0;
				TARGETED_DEVICE_FAMILY = "1,2";
				TEST_HOST = "$(BUILT_PRODUCTS_DIR)/ridescan.app/$(BUNDLE_EXECUTABLE_FOLDER_PATH)/ridescan";
			};
			name = Debug;
		};
		9BEF966C2AD45A0600B40FFE /* Release */ = {
			isa = XCBuildConfiguration;
			buildSettings = {
				ALWAYS_EMBED_SWIFT_STANDARD_LIBRARIES = YES;
				BUNDLE_LOADER = "$(TEST_HOST)";
				CODE_SIGN_STYLE = Automatic;
				CURRENT_PROJECT_VERSION = 1;
				DEVELOPMENT_TEAM = 6JVG5S75R8;
				GENERATE_INFOPLIST_FILE = YES;
				IPHONEOS_DEPLOYMENT_TARGET = 17.0;
				MARKETING_VERSION = 1.0;
				PRODUCT_BUNDLE_IDENTIFIER = gagebroberg.ridescanTests;
				PRODUCT_NAME = "$(TARGET_NAME)";
				SWIFT_EMIT_LOC_STRINGS = NO;
				SWIFT_VERSION = 5.0;
				TARGETED_DEVICE_FAMILY = "1,2";
				TEST_HOST = "$(BUILT_PRODUCTS_DIR)/ridescan.app/$(BUNDLE_EXECUTABLE_FOLDER_PATH)/ridescan";
			};
			name = Release;
		};
		9BEF966E2AD45A0600B40FFE /* Debug */ = {
			isa = XCBuildConfiguration;
			buildSettings = {
				ALWAYS_EMBED_SWIFT_STANDARD_LIBRARIES = YES;
				CODE_SIGN_STYLE = Automatic;
				CURRENT_PROJECT_VERSION = 1;
				DEVELOPMENT_TEAM = 6JVG5S75R8;
				GENERATE_INFOPLIST_FILE = YES;
				MARKETING_VERSION = 1.0;
				PRODUCT_BUNDLE_IDENTIFIER = gagebroberg.ridescanUITests;
				PRODUCT_NAME = "$(TARGET_NAME)";
				SWIFT_EMIT_LOC_STRINGS = NO;
				SWIFT_VERSION = 5.0;
				TARGETED_DEVICE_FAMILY = "1,2";
				TEST_TARGET_NAME = ridescan;
			};
			name = Debug;
		};
		9BEF966F2AD45A0600B40FFE /* Release */ = {
			isa = XCBuildConfiguration;
			buildSettings = {
				ALWAYS_EMBED_SWIFT_STANDARD_LIBRARIES = YES;
				CODE_SIGN_STYLE = Automatic;
				CURRENT_PROJECT_VERSION = 1;
				DEVELOPMENT_TEAM = 6JVG5S75R8;
				GENERATE_INFOPLIST_FILE = YES;
				MARKETING_VERSION = 1.0;
				PRODUCT_BUNDLE_IDENTIFIER = gagebroberg.ridescanUITests;
				PRODUCT_NAME = "$(TARGET_NAME)";
				SWIFT_EMIT_LOC_STRINGS = NO;
				SWIFT_VERSION = 5.0;
				TARGETED_DEVICE_FAMILY = "1,2";
				TEST_TARGET_NAME = ridescan;
			};
			name = Release;
		};
/* End XCBuildConfiguration section */

/* Begin XCConfigurationList section */
		9BEF963E2AD45A0300B40FFE /* Build configuration list for PBXProject "ridescan" */ = {
			isa = XCConfigurationList;
			buildConfigurations = (
				9BEF96652AD45A0600B40FFE /* Debug */,
				9BEF96662AD45A0600B40FFE /* Release */,
			);
			defaultConfigurationIsVisible = 0;
			defaultConfigurationName = Release;
		};
		9BEF96672AD45A0600B40FFE /* Build configuration list for PBXNativeTarget "ridescan" */ = {
			isa = XCConfigurationList;
			buildConfigurations = (
				9BEF96682AD45A0600B40FFE /* Debug */,
				9BEF96692AD45A0600B40FFE /* Release */,
			);
			defaultConfigurationIsVisible = 0;
			defaultConfigurationName = Release;
		};
		9BEF966A2AD45A0600B40FFE /* Build configuration list for PBXNativeTarget "ridescanTests" */ = {
			isa = XCConfigurationList;
			buildConfigurations = (
				9BEF966B2AD45A0600B40FFE /* Debug */,
				9BEF966C2AD45A0600B40FFE /* Release */,
			);
			defaultConfigurationIsVisible = 0;
			defaultConfigurationName = Release;
		};
		9BEF966D2AD45A0600B40FFE /* Build configuration list for PBXNativeTarget "ridescanUITests" */ = {
			isa = XCConfigurationList;
			buildConfigurations = (
				9BEF966E2AD45A0600B40FFE /* Debug */,
				9BEF966F2AD45A0600B40FFE /* Release */,
			);
			defaultConfigurationIsVisible = 0;
			defaultConfigurationName = Release;
		};
/* End XCConfigurationList section */
	};
	rootObject = 9BEF963B2AD45A0300B40FFE /* Project object */;
}
