// !$*UTF8*$!
{
	archiveVersion = 1;
	classes = {
	};
	objectVersion = 55;
	objects = {

/* Begin PBXBuildFile section */
		15718CB92AF28687003B2B5B /* Comparison.swift in Sources */ = {isa = PBXBuildFile; fileRef = 15718CB22AF28687003B2B5B /* Comparison.swift */; };
		15718CBA2AF28687003B2B5B /* UserProfile.swift in Sources */ = {isa = PBXBuildFile; fileRef = 15718CB32AF28687003B2B5B /* UserProfile.swift */; };
		15718CBB2AF28687003B2B5B /* RecentTrips.swift in Sources */ = {isa = PBXBuildFile; fileRef = 15718CB42AF28687003B2B5B /* RecentTrips.swift */; };
		15718CBC2AF28687003B2B5B /* MyAccount.swift in Sources */ = {isa = PBXBuildFile; fileRef = 15718CB52AF28687003B2B5B /* MyAccount.swift */; };
		15718CBD2AF28687003B2B5B /* SideMenu.swift in Sources */ = {isa = PBXBuildFile; fileRef = 15718CB62AF28687003B2B5B /* SideMenu.swift */; };
		15718CBE2AF28687003B2B5B /* Settings.swift in Sources */ = {isa = PBXBuildFile; fileRef = 15718CB72AF28687003B2B5B /* Settings.swift */; };
		15718CBF2AF28687003B2B5B /* Map.swift in Sources */ = {isa = PBXBuildFile; fileRef = 15718CB82AF28687003B2B5B /* Map.swift */; };
		15718CC32AF2868B003B2B5B /* LogIn.swift in Sources */ = {isa = PBXBuildFile; fileRef = 15718CC22AF2868B003B2B5B /* LogIn.swift */; };
		15718CC42AF2868B003B2B5B /* SignUp.swift in Sources */ = {isa = PBXBuildFile; fileRef = 15718CC12AF2868B003B2B5B /* SignUp.swift */; };
		15718CC52AF2868B003B2B5B /* HomeScreen.swift in Sources */ = {isa = PBXBuildFile; fileRef = 15718CC02AF2868B003B2B5B /* HomeScreen.swift */; };
		15718CC72AF28723003B2B5B /* Search.swift in Sources */ = {isa = PBXBuildFile; fileRef = 15718CC62AF28723003B2B5B /* Search.swift */; };
		15CB3D682AE1740300000F7C /* Assets.xcassets in Resources */ = {isa = PBXBuildFile; fileRef = 15CB3D672AE1740300000F7C /* Assets.xcassets */; };
		8B20583227BEFFDF00A9E2A1 /* RideScanApp.swift in Sources */ = {isa = PBXBuildFile; fileRef = 8B20583127BEFFDF00A9E2A1 /* RideScanApp.swift */; };
		8BC62A4727CEF38B0015343B /* Models in Frameworks */ = {isa = PBXBuildFile; productRef = 8BC62A4627CEF38B0015343B /* Models */; };
		8BE0611227C7119200D5E981 /* Utilities.swift in Sources */ = {isa = PBXBuildFile; fileRef = 8BE0611127C7119200D5E981 /* Utilities.swift */; };
		9B281C572AEDE6040004D677 /* URLImage in Frameworks */ = {isa = PBXBuildFile; productRef = 9B281C562AEDE6040004D677 /* URLImage */; };
		9B281C592AEDE6040004D677 /* URLImageStore in Frameworks */ = {isa = PBXBuildFile; productRef = 9B281C582AEDE6040004D677 /* URLImageStore */; };
		9B7ABBE62AD5B9D100A822BA /* UserProfileViewModel.swift in Sources */ = {isa = PBXBuildFile; fileRef = 9B7ABBE52AD5B9D100A822BA /* UserProfileViewModel.swift */; };
		9B9EC71A2AEA0A94007DDADB /* KeychainService.swift in Sources */ = {isa = PBXBuildFile; fileRef = 9B9EC7192AEA0A94007DDADB /* KeychainService.swift */; };
		9BCC6B242AEAE4EB000BEF81 /* TransportViewModel.swift in Sources */ = {isa = PBXBuildFile; fileRef = 9BCC6B232AEAE4EB000BEF81 /* TransportViewModel.swift */; };
		E61154FB2B0F0F6B003F4CB0 /* data in Resources */ = {isa = PBXBuildFile; fileRef = E61154FA2B0F0F6B003F4CB0 /* data */; };
		DFA39C962B156390003A7B14 /* VeoAuth.swift in Sources */ = {isa = PBXBuildFile; fileRef = DFA39C952B156390003A7B14 /* VeoAuth.swift */; };
/* End PBXBuildFile section */

/* Begin PBXFileReference section */
		15718CB22AF28687003B2B5B /* Comparison.swift */ = {isa = PBXFileReference; fileEncoding = 4; lastKnownFileType = sourcecode.swift; path = Comparison.swift; sourceTree = "<group>"; };
		15718CB32AF28687003B2B5B /* UserProfile.swift */ = {isa = PBXFileReference; fileEncoding = 4; lastKnownFileType = sourcecode.swift; path = UserProfile.swift; sourceTree = "<group>"; };
		15718CB42AF28687003B2B5B /* RecentTrips.swift */ = {isa = PBXFileReference; fileEncoding = 4; lastKnownFileType = sourcecode.swift; path = RecentTrips.swift; sourceTree = "<group>"; };
		15718CB52AF28687003B2B5B /* MyAccount.swift */ = {isa = PBXFileReference; fileEncoding = 4; lastKnownFileType = sourcecode.swift; path = MyAccount.swift; sourceTree = "<group>"; };
		15718CB62AF28687003B2B5B /* SideMenu.swift */ = {isa = PBXFileReference; fileEncoding = 4; lastKnownFileType = sourcecode.swift; path = SideMenu.swift; sourceTree = "<group>"; };
		15718CB72AF28687003B2B5B /* Settings.swift */ = {isa = PBXFileReference; fileEncoding = 4; lastKnownFileType = sourcecode.swift; path = Settings.swift; sourceTree = "<group>"; };
		15718CB82AF28687003B2B5B /* Map.swift */ = {isa = PBXFileReference; fileEncoding = 4; lastKnownFileType = sourcecode.swift; path = Map.swift; sourceTree = "<group>"; };
		15718CC02AF2868B003B2B5B /* HomeScreen.swift */ = {isa = PBXFileReference; lastKnownFileType = sourcecode.swift; path = HomeScreen.swift; sourceTree = "<group>"; };
		15718CC12AF2868B003B2B5B /* SignUp.swift */ = {isa = PBXFileReference; lastKnownFileType = sourcecode.swift; path = SignUp.swift; sourceTree = "<group>"; };
		15718CC22AF2868B003B2B5B /* LogIn.swift */ = {isa = PBXFileReference; lastKnownFileType = sourcecode.swift; path = LogIn.swift; sourceTree = "<group>"; };
		15718CC62AF28723003B2B5B /* Search.swift */ = {isa = PBXFileReference; lastKnownFileType = sourcecode.swift; path = Search.swift; sourceTree = "<group>"; };
		15CB3D672AE1740300000F7C /* Assets.xcassets */ = {isa = PBXFileReference; lastKnownFileType = folder.assetcatalog; path = Assets.xcassets; sourceTree = "<group>"; };
		8B20582E27BEFFDF00A9E2A1 /* Ridescan.app */ = {isa = PBXFileReference; explicitFileType = wrapper.application; includeInIndex = 0; path = Ridescan.app; sourceTree = BUILT_PRODUCTS_DIR; };
		8B20583127BEFFDF00A9E2A1 /* RideScanApp.swift */ = {isa = PBXFileReference; lastKnownFileType = sourcecode.swift; path = RideScanApp.swift; sourceTree = "<group>"; };
		8BE0611127C7119200D5E981 /* Utilities.swift */ = {isa = PBXFileReference; lastKnownFileType = sourcecode.swift; path = Utilities.swift; sourceTree = "<group>"; };
		8BE0611A27CEF13500D5E981 /* Models */ = {isa = PBXFileReference; lastKnownFileType = wrapper; name = Models; path = ../Models; sourceTree = "<group>"; };
		9B7ABBE52AD5B9D100A822BA /* UserProfileViewModel.swift */ = {isa = PBXFileReference; lastKnownFileType = sourcecode.swift; path = UserProfileViewModel.swift; sourceTree = "<group>"; };
		9B9EC7192AEA0A94007DDADB /* KeychainService.swift */ = {isa = PBXFileReference; lastKnownFileType = sourcecode.swift; path = KeychainService.swift; sourceTree = "<group>"; };
		9BCC6B222AEAC000000BEF81 /* Ridescan.entitlements */ = {isa = PBXFileReference; lastKnownFileType = text.plist.entitlements; path = Ridescan.entitlements; sourceTree = "<group>"; };
		9BCC6B232AEAE4EB000BEF81 /* TransportViewModel.swift */ = {isa = PBXFileReference; lastKnownFileType = sourcecode.swift; path = TransportViewModel.swift; sourceTree = "<group>"; };
		E61154FA2B0F0F6B003F4CB0 /* data */ = {isa = PBXFileReference; lastKnownFileType = folder; path = data; sourceTree = "<group>"; };
		DFA39C952B156390003A7B14 /* VeoAuth.swift */ = {isa = PBXFileReference; lastKnownFileType = sourcecode.swift; name = VeoAuth.swift; path = Ridescan/Views/VeoAuth.swift; sourceTree = "<group>"; };
/* End PBXFileReference section */

/* Begin PBXFrameworksBuildPhase section */
		8B20582B27BEFFDF00A9E2A1 /* Frameworks */ = {
			isa = PBXFrameworksBuildPhase;
			buildActionMask = 2147483647;
			files = (
				9B281C592AEDE6040004D677 /* URLImageStore in Frameworks */,
				8BC62A4727CEF38B0015343B /* Models in Frameworks */,
				9B281C572AEDE6040004D677 /* URLImage in Frameworks */,
			);
			runOnlyForDeploymentPostprocessing = 0;
		};
/* End PBXFrameworksBuildPhase section */

/* Begin PBXGroup section */
		8B20582527BEFFDF00A9E2A1 = {
			isa = PBXGroup;
			children = (
				DFA39C952B156390003A7B14 /* VeoAuth.swift */,
				8BE0611927CEF13500D5E981 /* Packages */,
				8B20583027BEFFDF00A9E2A1 /* Ridescan */,
				8B20582F27BEFFDF00A9E2A1 /* Products */,
				8BE0611B27CEF17100D5E981 /* Frameworks */,
			);
			sourceTree = "<group>";
		};
		8B20582F27BEFFDF00A9E2A1 /* Products */ = {
			isa = PBXGroup;
			children = (
				8B20582E27BEFFDF00A9E2A1 /* Ridescan.app */,
			);
			name = Products;
			sourceTree = "<group>";
		};
		8B20583027BEFFDF00A9E2A1 /* Ridescan */ = {
			isa = PBXGroup;
			children = (
				E61154FA2B0F0F6B003F4CB0 /* data */,
				9BCC6B222AEAC000000BEF81 /* Ridescan.entitlements */,
				15CB3D672AE1740300000F7C /* Assets.xcassets */,
				8BE0611127C7119200D5E981 /* Utilities.swift */,
				9B9EC7192AEA0A94007DDADB /* KeychainService.swift */,
				8B20585D27BEFFF700A9E2A1 /* Views */,
				8B20585E27BF015700A9E2A1 /* ViewModels */,
			);
			path = Ridescan;
			sourceTree = "<group>";
		};
		8B20585D27BEFFF700A9E2A1 /* Views */ = {
			isa = PBXGroup;
			children = (
				8B20583127BEFFDF00A9E2A1 /* RideScanApp.swift */,
				15718CC02AF2868B003B2B5B /* HomeScreen.swift */,
				15718CC22AF2868B003B2B5B /* LogIn.swift */,
				15718CC12AF2868B003B2B5B /* SignUp.swift */,
				15718CB22AF28687003B2B5B /* Comparison.swift */,
				15718CB82AF28687003B2B5B /* Map.swift */,
				15718CB52AF28687003B2B5B /* MyAccount.swift */,
				15718CB42AF28687003B2B5B /* RecentTrips.swift */,
				15718CB72AF28687003B2B5B /* Settings.swift */,
				15718CB62AF28687003B2B5B /* SideMenu.swift */,
				15718CB32AF28687003B2B5B /* UserProfile.swift */,
				15718CC62AF28723003B2B5B /* Search.swift */,
			);
			path = Views;
			sourceTree = "<group>";
		};
		8B20585E27BF015700A9E2A1 /* ViewModels */ = {
			isa = PBXGroup;
			children = (
				9B7ABBE52AD5B9D100A822BA /* UserProfileViewModel.swift */,
				9BCC6B232AEAE4EB000BEF81 /* TransportViewModel.swift */,
			);
			path = ViewModels;
			sourceTree = "<group>";
		};
		8BE0611927CEF13500D5E981 /* Packages */ = {
			isa = PBXGroup;
			children = (
				8BE0611A27CEF13500D5E981 /* Models */,
			);
			name = Packages;
			sourceTree = "<group>";
		};
		8BE0611B27CEF17100D5E981 /* Frameworks */ = {
			isa = PBXGroup;
			children = (
			);
			name = Frameworks;
			sourceTree = "<group>";
		};
/* End PBXGroup section */

/* Begin PBXNativeTarget section */
		8B20582D27BEFFDF00A9E2A1 /* Ridescan */ = {
			isa = PBXNativeTarget;
			buildConfigurationList = 8B20585227BEFFE100A9E2A1 /* Build configuration list for PBXNativeTarget "Ridescan" */;
			buildPhases = (
				8B20582A27BEFFDF00A9E2A1 /* Sources */,
				8B20582B27BEFFDF00A9E2A1 /* Frameworks */,
				8B20582C27BEFFDF00A9E2A1 /* Resources */,
			);
			buildRules = (
			);
			dependencies = (
			);
			name = Ridescan;
			packageProductDependencies = (
				8BC62A4627CEF38B0015343B /* Models */,
				9B281C562AEDE6040004D677 /* URLImage */,
				9B281C582AEDE6040004D677 /* URLImageStore */,
			);
			productName = Kittens;
			productReference = 8B20582E27BEFFDF00A9E2A1 /* Ridescan.app */;
			productType = "com.apple.product-type.application";
		};
/* End PBXNativeTarget section */

/* Begin PBXProject section */
		8B20582627BEFFDF00A9E2A1 /* Project object */ = {
			isa = PBXProject;
			attributes = {
				BuildIndependentTargetsInParallel = 1;
				LastSwiftUpdateCheck = 1320;
				LastUpgradeCheck = 1500;
				TargetAttributes = {
					8B20582D27BEFFDF00A9E2A1 = {
						CreatedOnToolsVersion = 13.2.1;
					};
				};
			};
			buildConfigurationList = 8B20582927BEFFDF00A9E2A1 /* Build configuration list for PBXProject "Ridescan" */;
			compatibilityVersion = "Xcode 13.0";
			developmentRegion = en;
			hasScannedForEncodings = 0;
			knownRegions = (
				en,
				Base,
			);
			mainGroup = 8B20582527BEFFDF00A9E2A1;
			packageReferences = (
				9B281C552AEDE6040004D677 /* XCRemoteSwiftPackageReference "url-image" */,
			);
			productRefGroup = 8B20582F27BEFFDF00A9E2A1 /* Products */;
			projectDirPath = "";
			projectRoot = "";
			targets = (
				8B20582D27BEFFDF00A9E2A1 /* Ridescan */,
			);
		};
/* End PBXProject section */

/* Begin PBXResourcesBuildPhase section */
		8B20582C27BEFFDF00A9E2A1 /* Resources */ = {
			isa = PBXResourcesBuildPhase;
			buildActionMask = 2147483647;
			files = (
				E61154FB2B0F0F6B003F4CB0 /* data in Resources */,
				15CB3D682AE1740300000F7C /* Assets.xcassets in Resources */,
			);
			runOnlyForDeploymentPostprocessing = 0;
		};
/* End PBXResourcesBuildPhase section */

/* Begin PBXSourcesBuildPhase section */
		8B20582A27BEFFDF00A9E2A1 /* Sources */ = {
			isa = PBXSourcesBuildPhase;
			buildActionMask = 2147483647;
			files = (
				DFA39C962B156390003A7B14 /* VeoAuth.swift in Sources */,
				15718CBC2AF28687003B2B5B /* MyAccount.swift in Sources */,
				8BE0611227C7119200D5E981 /* Utilities.swift in Sources */,
				8B20583227BEFFDF00A9E2A1 /* RideScanApp.swift in Sources */,
				15718CBA2AF28687003B2B5B /* UserProfile.swift in Sources */,
				9B9EC71A2AEA0A94007DDADB /* KeychainService.swift in Sources */,
				9B7ABBE62AD5B9D100A822BA /* UserProfileViewModel.swift in Sources */,
				15718CB92AF28687003B2B5B /* Comparison.swift in Sources */,
				15718CC42AF2868B003B2B5B /* SignUp.swift in Sources */,
				15718CBD2AF28687003B2B5B /* SideMenu.swift in Sources */,
				9BCC6B242AEAE4EB000BEF81 /* TransportViewModel.swift in Sources */,
				15718CBE2AF28687003B2B5B /* Settings.swift in Sources */,
				15718CC52AF2868B003B2B5B /* HomeScreen.swift in Sources */,
				15718CBF2AF28687003B2B5B /* Map.swift in Sources */,
				15718CC72AF28723003B2B5B /* Search.swift in Sources */,
				15718CBB2AF28687003B2B5B /* RecentTrips.swift in Sources */,
				15718CC32AF2868B003B2B5B /* LogIn.swift in Sources */,
			);
			runOnlyForDeploymentPostprocessing = 0;
		};
/* End PBXSourcesBuildPhase section */

/* Begin XCBuildConfiguration section */
		8B20585027BEFFE100A9E2A1 /* Debug */ = {
			isa = XCBuildConfiguration;
			buildSettings = {
				ALWAYS_SEARCH_USER_PATHS = NO;
				CLANG_ANALYZER_NONNULL = YES;
				CLANG_ANALYZER_NUMBER_OBJECT_CONVERSION = YES_AGGRESSIVE;
				CLANG_CXX_LANGUAGE_STANDARD = "gnu++17";
				CLANG_CXX_LIBRARY = "libc++";
				CLANG_ENABLE_MODULES = YES;
				CLANG_ENABLE_OBJC_ARC = YES;
				CLANG_ENABLE_OBJC_WEAK = YES;
				CLANG_WARN_BLOCK_CAPTURE_AUTORELEASING = YES;
				CLANG_WARN_BOOL_CONVERSION = YES;
				CLANG_WARN_COMMA = YES;
				CLANG_WARN_CONSTANT_CONVERSION = YES;
				CLANG_WARN_DEPRECATED_OBJC_IMPLEMENTATIONS = YES;
				CLANG_WARN_DIRECT_OBJC_ISA_USAGE = YES_ERROR;
				CLANG_WARN_DOCUMENTATION_COMMENTS = YES;
				CLANG_WARN_EMPTY_BODY = YES;
				CLANG_WARN_ENUM_CONVERSION = YES;
				CLANG_WARN_INFINITE_RECURSION = YES;
				CLANG_WARN_INT_CONVERSION = YES;
				CLANG_WARN_NON_LITERAL_NULL_CONVERSION = YES;
				CLANG_WARN_OBJC_IMPLICIT_RETAIN_SELF = YES;
				CLANG_WARN_OBJC_LITERAL_CONVERSION = YES;
				CLANG_WARN_OBJC_ROOT_CLASS = YES_ERROR;
				CLANG_WARN_QUOTED_INCLUDE_IN_FRAMEWORK_HEADER = YES;
				CLANG_WARN_RANGE_LOOP_ANALYSIS = YES;
				CLANG_WARN_STRICT_PROTOTYPES = YES;
				CLANG_WARN_SUSPICIOUS_MOVE = YES;
				CLANG_WARN_UNGUARDED_AVAILABILITY = YES_AGGRESSIVE;
				CLANG_WARN_UNREACHABLE_CODE = YES;
				CLANG_WARN__DUPLICATE_METHOD_MATCH = YES;
				COPY_PHASE_STRIP = NO;
				DEBUG_INFORMATION_FORMAT = dwarf;
				ENABLE_STRICT_OBJC_MSGSEND = YES;
				ENABLE_TESTABILITY = YES;
				ENABLE_USER_SCRIPT_SANDBOXING = YES;
				GCC_C_LANGUAGE_STANDARD = gnu11;
				GCC_DYNAMIC_NO_PIC = NO;
				GCC_NO_COMMON_BLOCKS = YES;
				GCC_OPTIMIZATION_LEVEL = 0;
				GCC_PREPROCESSOR_DEFINITIONS = (
					"DEBUG=1",
					"$(inherited)",
				);
				GCC_WARN_64_TO_32_BIT_CONVERSION = YES;
				GCC_WARN_ABOUT_RETURN_TYPE = YES_ERROR;
				GCC_WARN_UNDECLARED_SELECTOR = YES;
				GCC_WARN_UNINITIALIZED_AUTOS = YES_AGGRESSIVE;
				GCC_WARN_UNUSED_FUNCTION = YES;
				GCC_WARN_UNUSED_VARIABLE = YES;
				IPHONEOS_DEPLOYMENT_TARGET = 15.5;
				MTL_ENABLE_DEBUG_INFO = INCLUDE_SOURCE;
				MTL_FAST_MATH = YES;
				ONLY_ACTIVE_ARCH = YES;
				SDKROOT = iphoneos;
				SWIFT_ACTIVE_COMPILATION_CONDITIONS = DEBUG;
				SWIFT_OPTIMIZATION_LEVEL = "-Onone";
			};
			name = Debug;
		};
		8B20585127BEFFE100A9E2A1 /* Release */ = {
			isa = XCBuildConfiguration;
			buildSettings = {
				ALWAYS_SEARCH_USER_PATHS = NO;
				CLANG_ANALYZER_NONNULL = YES;
				CLANG_ANALYZER_NUMBER_OBJECT_CONVERSION = YES_AGGRESSIVE;
				CLANG_CXX_LANGUAGE_STANDARD = "gnu++17";
				CLANG_CXX_LIBRARY = "libc++";
				CLANG_ENABLE_MODULES = YES;
				CLANG_ENABLE_OBJC_ARC = YES;
				CLANG_ENABLE_OBJC_WEAK = YES;
				CLANG_WARN_BLOCK_CAPTURE_AUTORELEASING = YES;
				CLANG_WARN_BOOL_CONVERSION = YES;
				CLANG_WARN_COMMA = YES;
				CLANG_WARN_CONSTANT_CONVERSION = YES;
				CLANG_WARN_DEPRECATED_OBJC_IMPLEMENTATIONS = YES;
				CLANG_WARN_DIRECT_OBJC_ISA_USAGE = YES_ERROR;
				CLANG_WARN_DOCUMENTATION_COMMENTS = YES;
				CLANG_WARN_EMPTY_BODY = YES;
				CLANG_WARN_ENUM_CONVERSION = YES;
				CLANG_WARN_INFINITE_RECURSION = YES;
				CLANG_WARN_INT_CONVERSION = YES;
				CLANG_WARN_NON_LITERAL_NULL_CONVERSION = YES;
				CLANG_WARN_OBJC_IMPLICIT_RETAIN_SELF = YES;
				CLANG_WARN_OBJC_LITERAL_CONVERSION = YES;
				CLANG_WARN_OBJC_ROOT_CLASS = YES_ERROR;
				CLANG_WARN_QUOTED_INCLUDE_IN_FRAMEWORK_HEADER = YES;
				CLANG_WARN_RANGE_LOOP_ANALYSIS = YES;
				CLANG_WARN_STRICT_PROTOTYPES = YES;
				CLANG_WARN_SUSPICIOUS_MOVE = YES;
				CLANG_WARN_UNGUARDED_AVAILABILITY = YES_AGGRESSIVE;
				CLANG_WARN_UNREACHABLE_CODE = YES;
				CLANG_WARN__DUPLICATE_METHOD_MATCH = YES;
				COPY_PHASE_STRIP = NO;
				DEBUG_INFORMATION_FORMAT = "dwarf-with-dsym";
				ENABLE_NS_ASSERTIONS = NO;
				ENABLE_STRICT_OBJC_MSGSEND = YES;
				ENABLE_USER_SCRIPT_SANDBOXING = YES;
				GCC_C_LANGUAGE_STANDARD = gnu11;
				GCC_NO_COMMON_BLOCKS = YES;
				GCC_WARN_64_TO_32_BIT_CONVERSION = YES;
				GCC_WARN_ABOUT_RETURN_TYPE = YES_ERROR;
				GCC_WARN_UNDECLARED_SELECTOR = YES;
				GCC_WARN_UNINITIALIZED_AUTOS = YES_AGGRESSIVE;
				GCC_WARN_UNUSED_FUNCTION = YES;
				GCC_WARN_UNUSED_VARIABLE = YES;
				IPHONEOS_DEPLOYMENT_TARGET = 15.5;
				MTL_ENABLE_DEBUG_INFO = NO;
				MTL_FAST_MATH = YES;
				SDKROOT = iphoneos;
				SWIFT_COMPILATION_MODE = wholemodule;
				SWIFT_OPTIMIZATION_LEVEL = "-O";
				VALIDATE_PRODUCT = YES;
			};
			name = Release;
		};
		8B20585327BEFFE100A9E2A1 /* Debug */ = {
			isa = XCBuildConfiguration;
			buildSettings = {
				ASSETCATALOG_COMPILER_APPICON_NAME = AppIcon;
				ASSETCATALOG_COMPILER_GLOBAL_ACCENT_COLOR_NAME = AccentColor;
				CODE_SIGN_ENTITLEMENTS = Ridescan/Ridescan.entitlements;
				CODE_SIGN_STYLE = Automatic;
				CURRENT_PROJECT_VERSION = 1;
				DEVELOPMENT_TEAM = PZWB43AU2U;
				ENABLE_PREVIEWS = YES;
				GENERATE_INFOPLIST_FILE = YES;
				INFOPLIST_KEY_NSLocationWhenInUseUsageDescription = "We need your location to show it on the map.\n";
				INFOPLIST_KEY_UIApplicationSceneManifest_Generation = YES;
				INFOPLIST_KEY_UIApplicationSupportsIndirectInputEvents = YES;
				INFOPLIST_KEY_UILaunchScreen_Generation = YES;
				INFOPLIST_KEY_UIStatusBarStyle = UIStatusBarStyleDefault;
				INFOPLIST_KEY_UISupportedInterfaceOrientations_iPad = "UIInterfaceOrientationPortrait UIInterfaceOrientationPortraitUpsideDown UIInterfaceOrientationLandscapeLeft UIInterfaceOrientationLandscapeRight";
				INFOPLIST_KEY_UISupportedInterfaceOrientations_iPhone = "UIInterfaceOrientationPortrait UIInterfaceOrientationLandscapeLeft UIInterfaceOrientationLandscapeRight";
				INFOPLIST_KEY_UIUserInterfaceStyle = Light;
				IPHONEOS_DEPLOYMENT_TARGET = 15.5;
				LD_RUNPATH_SEARCH_PATHS = (
					"$(inherited)",
					"@executable_path/Frameworks",
				);
				MARKETING_VERSION = 1.0;
				PRODUCT_BUNDLE_IDENTIFIER = ridescan.ridescan;
				PRODUCT_NAME = "$(TARGET_NAME)";
				SWIFT_EMIT_LOC_STRINGS = YES;
				SWIFT_VERSION = 5.0;
				TARGETED_DEVICE_FAMILY = "1,2";
			};
			name = Debug;
		};
		8B20585427BEFFE100A9E2A1 /* Release */ = {
			isa = XCBuildConfiguration;
			buildSettings = {
				ASSETCATALOG_COMPILER_APPICON_NAME = AppIcon;
				ASSETCATALOG_COMPILER_GLOBAL_ACCENT_COLOR_NAME = AccentColor;
				CODE_SIGN_ENTITLEMENTS = Ridescan/Ridescan.entitlements;
				CODE_SIGN_STYLE = Automatic;
				CURRENT_PROJECT_VERSION = 1;
				DEVELOPMENT_TEAM = PZWB43AU2U;
				ENABLE_PREVIEWS = YES;
				GENERATE_INFOPLIST_FILE = YES;
				INFOPLIST_KEY_NSLocationWhenInUseUsageDescription = "We need your location to show it on the map.\n";
				INFOPLIST_KEY_UIApplicationSceneManifest_Generation = YES;
				INFOPLIST_KEY_UIApplicationSupportsIndirectInputEvents = YES;
				INFOPLIST_KEY_UILaunchScreen_Generation = YES;
				INFOPLIST_KEY_UIStatusBarStyle = UIStatusBarStyleDefault;
				INFOPLIST_KEY_UISupportedInterfaceOrientations_iPad = "UIInterfaceOrientationPortrait UIInterfaceOrientationPortraitUpsideDown UIInterfaceOrientationLandscapeLeft UIInterfaceOrientationLandscapeRight";
				INFOPLIST_KEY_UISupportedInterfaceOrientations_iPhone = "UIInterfaceOrientationPortrait UIInterfaceOrientationLandscapeLeft UIInterfaceOrientationLandscapeRight";
				INFOPLIST_KEY_UIUserInterfaceStyle = Light;
				IPHONEOS_DEPLOYMENT_TARGET = 15.5;
				LD_RUNPATH_SEARCH_PATHS = (
					"$(inherited)",
					"@executable_path/Frameworks",
				);
				MARKETING_VERSION = 1.0;
				PRODUCT_BUNDLE_IDENTIFIER = ridescan.ridescan;
				PRODUCT_NAME = "$(TARGET_NAME)";
				SWIFT_EMIT_LOC_STRINGS = YES;
				SWIFT_VERSION = 5.0;
				TARGETED_DEVICE_FAMILY = "1,2";
			};
			name = Release;
		};
/* End XCBuildConfiguration section */

/* Begin XCConfigurationList section */
		8B20582927BEFFDF00A9E2A1 /* Build configuration list for PBXProject "Ridescan" */ = {
			isa = XCConfigurationList;
			buildConfigurations = (
				8B20585027BEFFE100A9E2A1 /* Debug */,
				8B20585127BEFFE100A9E2A1 /* Release */,
			);
			defaultConfigurationIsVisible = 0;
			defaultConfigurationName = Release;
		};
		8B20585227BEFFE100A9E2A1 /* Build configuration list for PBXNativeTarget "Ridescan" */ = {
			isa = XCConfigurationList;
			buildConfigurations = (
				8B20585327BEFFE100A9E2A1 /* Debug */,
				8B20585427BEFFE100A9E2A1 /* Release */,
			);
			defaultConfigurationIsVisible = 0;
			defaultConfigurationName = Release;
		};
/* End XCConfigurationList section */

/* Begin XCRemoteSwiftPackageReference section */
		9B281C552AEDE6040004D677 /* XCRemoteSwiftPackageReference "url-image" */ = {
			isa = XCRemoteSwiftPackageReference;
			repositoryURL = "https://github.com/dmytro-anokhin/url-image";
			requirement = {
				kind = upToNextMajorVersion;
				minimumVersion = 3.1.1;
			};
		};
/* End XCRemoteSwiftPackageReference section */

/* Begin XCSwiftPackageProductDependency section */
		8BC62A4627CEF38B0015343B /* Models */ = {
			isa = XCSwiftPackageProductDependency;
			productName = Models;
		};
		9B281C562AEDE6040004D677 /* URLImage */ = {
			isa = XCSwiftPackageProductDependency;
			package = 9B281C552AEDE6040004D677 /* XCRemoteSwiftPackageReference "url-image" */;
			productName = URLImage;
		};
		9B281C582AEDE6040004D677 /* URLImageStore */ = {
			isa = XCSwiftPackageProductDependency;
			package = 9B281C552AEDE6040004D677 /* XCRemoteSwiftPackageReference "url-image" */;
			productName = URLImageStore;
		};
/* End XCSwiftPackageProductDependency section */
	};
	rootObject = 8B20582627BEFFDF00A9E2A1 /* Project object */;
}
